github.com/dave/jennifer v1.7.0 h1:uRbSBH9UTS64yXbh4FrMHfgfY762RD+C7bUPKODpSJE=
github.com/dave/jennifer v1.7.0/go.mod h1:nXbxhEmQfOZhWml3D1cDK5M1FLnMSozpbFN/m3RmGZc=
github.com/microsoft/go-winmd v0.0.0-20240327084656-1395bb24174a h1:qzu/pSgGWC/L3ahf1LtU0868bd/fKmlJwiHw7z1fwbU=
github.com/microsoft/go-winmd v0.0.0-20240327084656-1395bb24174a/go.mod h1:df75pl4Oo0zJB9VnBSzEkfgaYW+JxLM1En7H90JQzm8=
